# THIS IS AN AUTOGENERATED FILE. DO NOT EDIT THIS FILE DIRECTLY.
# yarn lockfile v1


"@prettier/plugin-ruby@^0.12.0":
  version "0.12.0"
  resolved "https://registry.yarnpkg.com/@prettier/plugin-ruby/-/plugin-ruby-0.12.0.tgz#ab731c98e1051825686d937dabc599b04ecf8ea0"
  integrity sha512-KaH/fosoQbPsNMdYlu7o7zBt8a1RqGXofl8KTsDNysKnHuQo4UaPoR1q1H1SoBQt0djz+hwQnUD/fxYa20GGVQ==
  dependencies:
    prettier "^1.16.4"

prettier@^1.16.4, prettier@^1.17.0:
  version "1.17.0"
  resolved "https://registry.yarnpkg.com/prettier/-/prettier-1.17.0.tgz#53b303676eed22cc14a9f0cec09b477b3026c008"
  integrity sha512-sXe5lSt2WQlCbydGETgfm1YBShgOX4HxQkFPvbxkcwgDvGDeqVau8h+12+lmSVlP3rHPz0oavfddSZg/q+Szjw==
